{
  "version": "5",
  "specifiers": {
    "npm:@rsbuild/core@1.5.12": "1.5.12_@swc+helpers@0.5.17",
    "npm:@rsbuild/plugin-react@^1.4.1": "1.4.1_@rsbuild+core@1.5.12__@swc+helpers@0.5.17_react-refresh@0.17.0",
    "npm:@types/react-dom@^19.1.9": "19.1.9_@types+react@19.1.13",
    "npm:@types/react@^19.1.13": "19.1.13",
    "npm:react-dom@^19.1.1": "19.1.1_react@19.1.1",
    "npm:react-hot-toast@^2.4.1": "2.6.0_react@19.1.1_react-dom@19.1.1__react@19.1.1_csstype@3.1.3",
    "npm:react-icons@^5.4.0": "5.5.0_react@19.1.1",
    "npm:react-router-dom@^7.9.2": "7.9.2_react@19.1.1_react-dom@19.1.1__react@19.1.1",
    "npm:react@^19.1.1": "19.1.1"
  },
  "npm": {
    "@emnapi/core@1.5.0": {
      "integrity": "sha512-sbP8GzB1WDzacS8fgNPpHlp6C9VZe+SJP3F90W9rLemaQj2PzIuTEl1qDOYQf58YIpyjViI24y9aPWCjEzY2cg==",
      "dependencies": [
        "@emnapi/wasi-threads",
        "tslib"
      ]
    },
    "@emnapi/runtime@1.5.0": {
      "integrity": "sha512-97/BJ3iXHww3djw6hYIfErCZFee7qCtrneuLa20UXFCOTCfBM2cvQHjWJ2EG0s0MtdNwInarqCTz35i4wWXHsQ==",
      "dependencies": [
        "tslib"
      ]
    },
    "@emnapi/wasi-threads@1.1.0": {
      "integrity": "sha512-WI0DdZ8xFSbgMjR1sFsKABJ/C5OnRrjT06JXbZKexJGrDuPTzZdDYfFlsgcCXCyf+suG5QU2e/y1Wo2V/OapLQ==",
      "dependencies": [
        "tslib"
      ]
    },
    "@module-federation/error-codes@0.18.0": {
      "integrity": "sha512-Woonm8ehyVIUPXChmbu80Zj6uJkC0dD9SJUZ/wOPtO8iiz/m+dkrOugAuKgoiR6qH4F+yorWila954tBz4uKsQ=="
    },
    "@module-federation/runtime-core@0.18.0": {
      "integrity": "sha512-ZyYhrDyVAhUzriOsVfgL6vwd+5ebYm595Y13KeMf6TKDRoUHBMTLGQ8WM4TDj8JNsy7LigncK8C03fn97of0QQ==",
      "dependencies": [
        "@module-federation/error-codes",
        "@module-federation/sdk"
      ]
    },
    "@module-federation/runtime-tools@0.18.0": {
      "integrity": "sha512-fSga9o4t1UfXNV/Kh6qFvRyZpPp3EHSPRISNeyT8ZoTpzDNiYzhtw0BPUSSD8m6C6XQh2s/11rI4g80UY+d+hA==",
      "dependencies": [
        "@module-federation/runtime",
        "@module-federation/webpack-bundler-runtime"
      ]
    },
    "@module-federation/runtime@0.18.0": {
      "integrity": "sha512-+C4YtoSztM7nHwNyZl6dQKGUVJdsPrUdaf3HIKReg/GQbrt9uvOlUWo2NXMZ8vDAnf/QRrpSYAwXHmWDn9Obaw==",
      "dependencies": [
        "@module-federation/error-codes",
        "@module-federation/runtime-core",
        "@module-federation/sdk"
      ]
    },
    "@module-federation/sdk@0.18.0": {
      "integrity": "sha512-Lo/Feq73tO2unjmpRfyyoUkTVoejhItXOk/h5C+4cistnHbTV8XHrW/13fD5e1Iu60heVdAhhelJd6F898Ve9A=="
    },
    "@module-federation/webpack-bundler-runtime@0.18.0": {
      "integrity": "sha512-TEvErbF+YQ+6IFimhUYKK3a5wapD90d90sLsNpcu2kB3QGT7t4nIluE25duXuZDVUKLz86tEPrza/oaaCWTpvQ==",
      "dependencies": [
        "@module-federation/runtime",
        "@module-federation/sdk"
      ]
    },
    "@napi-rs/wasm-runtime@1.0.5": {
      "integrity": "sha512-TBr9Cf9onSAS2LQ2+QHx6XcC6h9+RIzJgbqG3++9TUZSH204AwEy5jg3BTQ0VATsyoGj4ee49tN/y6rvaOOtcg==",
      "dependencies": [
        "@emnapi/core",
        "@emnapi/runtime",
        "@tybys/wasm-util"
      ]
    },
    "@rsbuild/core@1.5.12_@swc+helpers@0.5.17": {
      "integrity": "sha512-DpinE1If6WRTwQYqH+PRtJo3zshkDYHfIcWq4lTtfsPfPLrXshmRXBam3BS1RRu4v2gGT+LCNiUefftsmcmL0A==",
      "dependencies": [
        "@rspack/core",
        "@rspack/lite-tapable",
        "@swc/helpers",
        "core-js",
        "jiti"
      ],
      "bin": true
    },
    "@rsbuild/plugin-react@1.4.1_@rsbuild+core@1.5.12__@swc+helpers@0.5.17_react-refresh@0.17.0": {
      "integrity": "sha512-kahvnfRPQTsG0tReR6h0KuVfyjKJfpv/PoU5qW5SDkON7vmbGn8Jx7l3fI+yU3lR/7qDiAO19QnNjkqxPsFT3Q==",
      "dependencies": [
        "@rsbuild/core",
        "@rspack/plugin-react-refresh",
        "react-refresh"
      ]
    },
    "@rspack/binding-darwin-arm64@1.5.7": {
      "integrity": "sha512-prQ/vgJxOPdlYiR4gVeOEKofTCEOu70JQIQApqFnw8lKM7rd9ag8ogDNqmc2L/GGXGHLAqds28oeKXRlzYf7+Q==",
      "os": ["darwin"],
      "cpu": ["arm64"]
    },
    "@rspack/binding-darwin-x64@1.5.7": {
      "integrity": "sha512-FPqiWSbEEerqfJrGnYe68svvl6NyuQFAb3qqFe/Q0MqFhBYmAZwa0R2/ylugCdgFLZxmkFuWqpDgItpvJb/E3Q==",
      "os": ["darwin"],
      "cpu": ["x64"]
    },
    "@rspack/binding-linux-arm64-gnu@1.5.7": {
      "integrity": "sha512-fwy+NY+0CHrZqqzDrjPBlTuK53W4dG5EEg/QQFAE7KVM+okRqPk8tg45bJ5628rCNLe13GDmPIE107LmgspNqA==",
      "os": ["linux"],
      "cpu": ["arm64"]
    },
    "@rspack/binding-linux-arm64-musl@1.5.7": {
      "integrity": "sha512-576u/0F4ZUzpHckFme4vQ0sSxjE+B/gVP4tNJ+P6bJaclXLFXV4icbjTUQwOIgmA1EQz/JFeKGGJZ4p6mowpBQ==",
      "os": ["linux"],
      "cpu": ["arm64"]
    },
    "@rspack/binding-linux-x64-gnu@1.5.7": {
      "integrity": "sha512-brSHywXjjeuWkv0ywgxS4VgDgquarEb4XGr+eXhOaPcc8x2rNefyc4hErplrI7+oxPXVuGK5VE4ZH5bj3Yknvg==",
      "os": ["linux"],
      "cpu": ["x64"]
    },
    "@rspack/binding-linux-x64-musl@1.5.7": {
      "integrity": "sha512-HcS0DzbLlWCwVfYcWMbTgILh4GELD6m4CZoFEhIr4fJCJi0p8NgLYycy1QtDhaUjs8TKalmyMwHrJwGnD141JA==",
      "os": ["linux"],
      "cpu": ["x64"]
    },
    "@rspack/binding-wasm32-wasi@1.5.7": {
      "integrity": "sha512-uTRUEuK+TVlvUBSWXVoxD+6JTN+rvtRqVlO+A7I7VnOY7p9Rpvk1sXcHtEwg/XuDCq4DALnvlzbFLh7G3zILvw==",
      "dependencies": [
        "@napi-rs/wasm-runtime"
      ],
      "cpu": ["wasm32"]
    },
    "@rspack/binding-win32-arm64-msvc@1.5.7": {
      "integrity": "sha512-dFHrXRUmMTkxEn/Uw2RLbIckKfi0Zmn2NnEXwedWdyRgZW4Vhk7+VBxM22O/CHZmAGt12Ol25yTuVv58ANLEKA==",
      "os": ["win32"],
      "cpu": ["arm64"]
    },
    "@rspack/binding-win32-ia32-msvc@1.5.7": {
      "integrity": "sha512-PNtnOIUzE9p/Fbl6l/1Zs7bhn8ccTlaHTgZgQq0sO/QxjLlbU0WPjRl+YLo27cAningSOAbANuYlN8vAcuimrw==",
      "os": ["win32"],
      "cpu": ["ia32"]
    },
    "@rspack/binding-win32-x64-msvc@1.5.7": {
      "integrity": "sha512-22gTaYkwaIUvyXRxf1RVnFTJPqF2hD1pgAQNBIz7kYybe6vvSZ6KInW4WyG4vjYKrJg/cbS4QvtlLn0lYXrdIw==",
      "os": ["win32"],
      "cpu": ["x64"]
    },
    "@rspack/binding@1.5.7": {
      "integrity": "sha512-/fFrf4Yu8Tc0yXBw33g2++turdld1MDphLiLg05bx92fOVI1MafocwPvm35e3y1z7CtlQJ2Bmvzhi6APJShKxg==",
      "optionalDependencies": [
        "@rspack/binding-darwin-arm64",
        "@rspack/binding-darwin-x64",
        "@rspack/binding-linux-arm64-gnu",
        "@rspack/binding-linux-arm64-musl",
        "@rspack/binding-linux-x64-gnu",
        "@rspack/binding-linux-x64-musl",
        "@rspack/binding-wasm32-wasi",
        "@rspack/binding-win32-arm64-msvc",
        "@rspack/binding-win32-ia32-msvc",
        "@rspack/binding-win32-x64-msvc"
      ]
    },
    "@rspack/core@1.5.7_@swc+helpers@0.5.17": {
      "integrity": "sha512-57ey3wafK/g+B9zLdCiIrX3eTK8rFEM3yvxBUb2ro3ZtAaCGm4y7xERcXZJNn4D01pjzzCJ/u1ezpQmsZYLP7A==",
      "dependencies": [
        "@module-federation/runtime-tools",
        "@rspack/binding",
        "@rspack/lite-tapable",
        "@swc/helpers"
      ],
      "optionalPeers": [
        "@swc/helpers"
      ]
    },
    "@rspack/lite-tapable@1.0.1": {
      "integrity": "sha512-VynGOEsVw2s8TAlLf/uESfrgfrq2+rcXB1muPJYBWbsm1Oa6r5qVQhjA5ggM6z/coYPrsVMgovl3Ff7Q7OCp1w=="
    },
    "@rspack/plugin-react-refresh@1.5.1_react-refresh@0.17.0": {
      "integrity": "sha512-GT3KV1GSmIXO8dQg6taNf9AuZ8XHEs8cZqRn5mC2GT6DPCvUA/ZKezIGsHTyH+HMEbJnJ/T8yYeJnvnzuUcqAQ==",
      "dependencies": [
        "error-stack-parser",
        "html-entities",
        "react-refresh"
      ]
    },
    "@swc/helpers@0.5.17": {
      "integrity": "sha512-5IKx/Y13RsYd+sauPb2x+U/xZikHjolzfuDgTAl/Tdf3Q8rslRvC19NKDLgAJQ6wsqADk10ntlv08nPFw/gO/A==",
      "dependencies": [
        "tslib"
      ]
    },
    "@tybys/wasm-util@0.10.1": {
      "integrity": "sha512-9tTaPJLSiejZKx+Bmog4uSubteqTvFrVrURwkmHixBo0G4seD0zUxp98E1DzUBJxLQ3NPwXrGKDiVjwx/DpPsg==",
      "dependencies": [
        "tslib"
      ]
    },
    "@types/react-dom@19.1.9_@types+react@19.1.13": {
      "integrity": "sha512-qXRuZaOsAdXKFyOhRBg6Lqqc0yay13vN7KrIg4L7N4aaHN68ma9OK3NE1BoDFgFOTfM7zg+3/8+2n8rLUH3OKQ==",
      "dependencies": [
        "@types/react"
      ]
    },
    "@types/react@19.1.13": {
      "integrity": "sha512-hHkbU/eoO3EG5/MZkuFSKmYqPbSVk5byPFa3e7y/8TybHiLMACgI8seVYlicwk7H5K/rI2px9xrQp/C+AUDTiQ==",
      "dependencies": [
        "csstype"
      ]
    },
    "cookie@1.0.2": {
      "integrity": "sha512-9Kr/j4O16ISv8zBBhJoi4bXOYNTkFLOqSL3UDB0njXxCXNezjeyVrJyGOWtgfs/q2km1gwBcfH8q1yEGoMYunA=="
    },
    "core-js@3.45.1": {
      "integrity": "sha512-L4NPsJlCfZsPeXukyzHFlg/i7IIVwHSItR0wg0FLNqYClJ4MQYTYLbC7EkjKYRLZF2iof2MUgN0EGy7MdQFChg==",
      "scripts": true
    },
    "csstype@3.1.3": {
      "integrity": "sha512-M1uQkMl8rQK/szD0LNhtqxIPLpimGm8sOBwU7lLnCpSbTyY3yeU1Vc7l4KT5zT4s/yOxHH5O7tIuuLOCnLADRw=="
    },
    "error-stack-parser@2.1.4": {
      "integrity": "sha512-Sk5V6wVazPhq5MhpO+AUxJn5x7XSXGl1R93Vn7i+zS15KDVxQijejNCrz8340/2bgLBjR9GtEG8ZVKONDjcqGQ==",
      "dependencies": [
        "stackframe"
      ]
    },
    "goober@2.1.16_csstype@3.1.3": {
      "integrity": "sha512-erjk19y1U33+XAMe1VTvIONHYoSqE4iS7BYUZfHaqeohLmnC0FdxEh7rQU+6MZ4OajItzjZFSRtVANrQwNq6/g==",
      "dependencies": [
        "csstype"
      ]
    },
    "html-entities@2.6.0": {
      "integrity": "sha512-kig+rMn/QOVRvr7c86gQ8lWXq+Hkv6CbAH1hLu+RG338StTpE8Z0b44SDVaqVu7HGKf27frdmUYEs9hTUX/cLQ=="
    },
    "jiti@2.6.0": {
      "integrity": "sha512-VXe6RjJkBPj0ohtqaO8vSWP3ZhAKo66fKrFNCll4BTcwljPLz03pCbaNKfzGP5MbrCYcbJ7v0nOYYwUzTEIdXQ==",
      "bin": true
    },
    "react-dom@19.1.1_react@19.1.1": {
      "integrity": "sha512-Dlq/5LAZgF0Gaz6yiqZCf6VCcZs1ghAJyrsu84Q/GT0gV+mCxbfmKNoGRKBYMJ8IEdGPqu49YWXD02GCknEDkw==",
      "dependencies": [
        "react",
        "scheduler"
      ]
    },
    "react-hot-toast@2.6.0_react@19.1.1_react-dom@19.1.1__react@19.1.1_csstype@3.1.3": {
      "integrity": "sha512-bH+2EBMZ4sdyou/DPrfgIouFpcRLCJ+HoCA32UoAYHn6T3Ur5yfcDCeSr5mwldl6pFOsiocmrXMuoCJ1vV8bWg==",
      "dependencies": [
        "csstype",
        "goober",
        "react",
        "react-dom"
      ]
    },
    "react-icons@5.5.0_react@19.1.1": {
      "integrity": "sha512-MEFcXdkP3dLo8uumGI5xN3lDFNsRtrjbOEKDLD7yv76v4wpnEq2Lt2qeHaQOr34I/wPN3s3+N08WkQ+CW37Xiw==",
      "dependencies": [
        "react"
      ]
    },
    "react-refresh@0.17.0": {
      "integrity": "sha512-z6F7K9bV85EfseRCp2bzrpyQ0Gkw1uLoCel9XBVWPg/TjRj94SkJzUTGfOa4bs7iJvBWtQG0Wq7wnI0syw3EBQ=="
    },
    "react-router-dom@7.9.2_react@19.1.1_react-dom@19.1.1__react@19.1.1": {
      "integrity": "sha512-pagqpVJnjZOfb+vIM23eTp7Sp/AAJjOgaowhP1f1TWOdk5/W8Uk8d/M/0wfleqx7SgjitjNPPsKeCZE1hTSp3w==",
      "dependencies": [
        "react",
        "react-dom",
        "react-router"
      ]
    },
    "react-router@7.9.2_react@19.1.1_react-dom@19.1.1__react@19.1.1": {
      "integrity": "sha512-i2TPp4dgaqrOqiRGLZmqh2WXmbdFknUyiCRmSKs0hf6fWXkTKg5h56b+9F22NbGRAMxjYfqQnpi63egzD2SuZA==",
      "dependencies": [
        "cookie",
        "react",
        "react-dom",
        "set-cookie-parser"
      ],
      "optionalPeers": [
        "react-dom"
      ]
    },
    "react@19.1.1": {
      "integrity": "sha512-w8nqGImo45dmMIfljjMwOGtbmC/mk4CMYhWIicdSflH91J9TyCyczcPFXJzrZ/ZXcgGRFeP6BU0BEJTw6tZdfQ=="
    },
    "scheduler@0.26.0": {
      "integrity": "sha512-NlHwttCI/l5gCPR3D1nNXtWABUmBwvZpEQiD4IXSbIDq8BzLIK/7Ir5gTFSGZDUu37K5cMNp0hFtzO38sC7gWA=="
    },
    "set-cookie-parser@2.7.1": {
      "integrity": "sha512-IOc8uWeOZgnb3ptbCURJWNjWUPcO3ZnTTdzsurqERrP6nPyv+paC55vJM0LpOlT2ne+Ix+9+CRG1MNLlyZ4GjQ=="
    },
    "stackframe@1.3.4": {
      "integrity": "sha512-oeVtt7eWQS+Na6F//S4kJ2K2VbRlS9D43mAlMyVpVWovy9o+jfgH8O9agzANzaiLjclA0oYzUXEM4PurhSUChw=="
    },
    "tslib@2.8.1": {
      "integrity": "sha512-oJFu94HQb+KVduSUQL7wnpmqnfmLsOA/nAh6b6EH0wCEoK0/mPeXU6c3wKDV83MkOuHPRHtSXKKU99IBazS/2w=="
    }
  },
  "workspace": {
    "dependencies": [
      "npm:@rsbuild/plugin-react@^1.4.1",
      "npm:@types/react-dom@^19.1.9",
      "npm:@types/react@^19.1.13",
      "npm:react-dom@^19.1.1",
      "npm:react-hot-toast@^2.4.1",
      "npm:react-icons@^5.4.0",
      "npm:react-router-dom@^7.9.2",
      "npm:react@^19.1.1"
    ]
  }
}
